{
  "version": 4,
  "terraform_version": "1.7.0",
  "serial": 260,
  "lineage": "06eff68b-7240-29ad-7f5f-08215d50e0eb",
  "outputs": {
    "key_data": {
      "value": "ssh-rsa AAAAB3NzaC1yc2EAAAADAQABAAABgQDWl5zw+j9ZDJ/MjUGGX0NQSYA9lfSKcdWj5NmmEiqN4vgXJjhCOlMuSEXoqvabXLEXnyzMOCnesV5Nx978gNaRi8agFeirDxv4wLaY6JEmv/QdJxXqC6ww9g6boYgTtkk80v3zIByYGFBD1dgZHVVWbzQcJZgeAoUXUi1BfdnYuE0WDEpHpA96IrxvbvtpI5XSQ8HIFdG4MoQt4/y9J3shuhAHklEHo6Xo3PLjpMk1Rs9NCkyI5RefB43MzWB096pSvJcPSrFm4lpsNKU+UzdamMnn4YCZIi4EnI5gt06DlHA1//7pYaR+X64HYEyfsiWO2O9Pn2J6IYjHIyX0cbZ+M6ZVrOzZLz57GUt+QNAASomdadj5WLhMPlUOhSyPAkiNqpkt+rCUA4kDi2nAnQTZQfAFbwN8DS4Xh4EWw070h2yhBE4paqG53QD7YmnUEu8bxdGBNgQQlSm+deyVuFdrG0cZ4yW5PeqIPD374y9Q8uktYPwluL+Q+IKS7QvBdsk= generated-by-azure",
      "type": "string"
    },
    "private_key": {
      "value": "-----BEGIN RSA PRIVATE KEY-----\r\nMIIG5gIBAAKCAYEA1pec8Po/WQyfzI1Bhl9DUEmAPZX0inHVo+TZphIqjeL4FyY4\r\nQjpTLkhF6Kr2m1yxF58szDgp3rFeTcfe/IDWkYvGoBXoqw8b+MC2mOiRJr/0HScV\r\n6gusMPYOm6GIE7ZJPNL98yAcmBhQQ9XYGR1VVm80HCWYHgKFF1ItQX3Z2LhNFgxK\r\nR6QPeiK8b277aSOV0kPByBXRuDKELeP8vSd7IboQB5JRB6Ol6Nzy46TJNUbPTQpM\r\niOUXnweNzM1gdPeqUryXD0qxZuJabDSlPlM3WpjJ5+GAmSIuBJyOYLdOg5RwNf/+\r\n6WGkfl+uB2BMn7IljtjvT59ieiGIxyMl9HG2fjOmVazs2S8+exlLfkDQAEqJnWnY\r\n+Vi4TD5VDoUsjwJIjaqZLfqwlAOJA4tpwJ0E2UHwBW8DfA0uF4eBFsNO9IdsoQRO\r\nKWqhud0A+2Jp1BLvG8XRgTYEEJUpvnXslbhXaxtHGeMluT3qiDw9++MvUPLpLWD8\r\nJbi/kPiCku0LwXbJAgMBAAECggGBAJsOxGVPvZRfzdvlObKZhS8vXQ2jHCcpaADc\r\nLPSV7c/GcBNyF3arZE1uBa3AUx8h1AjIiHssHfz+1rCHOrXjdqeGg0hLbGqmKUUO\r\nIyLL8Y45Z2/lPS13r71VHmsQRh5QOg1MPBmAW4j/EIhjrZlAG9iv08x+0bLliTu3\r\nsmG/STkSuwiyar3naxOKo/Q1Ek7/WpOrSAuG0JozTlVGhuo66/sL0edWr1xAwHJJ\r\nrOwWtxjbCJGXXoQQXYgY0jppMEh0Z3gl9MbDJJQCPJG7ILT4hRbtAWScLigtsdm8\r\nPZE2y7lfUuG6LdTEhQ9bu0WmTiVRzt0Kjpm5n5HUHP5jMU+ztszS1igJvit7/00u\r\nTmkDC5kj6qyzUcUW4gtXOK52jfBdnlRLS9FBgwljZECh/VKbgULeR/xZapmDUs6h\r\n8sQ7QlGZor92zGaBaQwGmdWEnCd29oaWJw9KlDQO+tepOfsNT61qTp11pkSPDMpF\r\nBr2/Cz+SE0Spoe46lG/guuSUiY0dLQKBwQDirFOJNdCcc+gLyLFCQ88Kwe8HD/xa\r\n3Vys/NN/oqgNrbZTEdvxvXL+zc0IW0/ZfZvqVZHTkL663otfZTVik41Pt+Gw9p5B\r\nsJnCRwSEDzgghhSdq/X2jqpU3D3CPV8a2HIvtxlGoJyR1uuFOWxUdfWZaV50dlnO\r\nbBQZZXrnAG76HEfyr2mMZuV9f0WiKCk+aN71UQ5L7uGosgTYjC9YrKgcL3wgGNdh\r\nrKCUGJPIhQWQLSGn/sn7cka3/KTM/2epcqsCgcEA8lsnNXJKoM0PHiE9d67NZrYh\r\ngmUA8OIRDgbIUOa81F7VsGk6RziKKDBTG9445WilFu8LGJNAhfyxBuMxpcL82uXy\r\ncCfhSYB0ooS5r1ya9bwJF6WiDOwFA0kjC/8qalUU2CZeh5awObwNzW4VxIvvkB3K\r\n/ZYGkGkRHcfjXwEAuROlS0UBblL+prmn4upVBNDiKfzp+NMlgWGBAzECFQHlYsAR\r\ntXOuoHRgNrhmP68NgONumXvI3kfc+uJCah8l8RxbAoHBAL79XFWcVm2866QiMdkX\r\nsXfq+DAHNCaLpe7MCJjewKLl314XCi+h5Sb02PFVnu4ufBTyjLCqoUprARwb9uNc\r\nWBD3at7krWvEFYowtIlhGXWuA+jmX5SjmLlv6Umk1GGWRoAV0uJDqijn4gKa48A2\r\ns/3TXpbascjQIA9WBjxljRyIf8boLhLzECKx/kYneLjxPAuPhHBOkyzE8nhThgE9\r\nWViGWhvhUnkmLxcZrkuiaZGVtWoLsLyBCT01Tta7zOhliQKBwQDSuxG/tk5PvZ3s\r\ni+ifnX36VlmSwPJtgZRkxt79AXSlkIRsLUNAVFhFE6fgLnz4dOI/q8DRMJDFMHBZ\r\nVcmAoagtSg5hGTwaJjjEa3Xtli8jhsm9JwdeBwdg0QJJVyjxZmOGgu5lJVC8EtlJ\r\ni/Qff7HhdRZhI0c34DPC2mDI5d1UEFIEvc69uCq2m+3wL+OXGW3eJoznD+mnszlz\r\npfRygcCL+ggr55eq6yYRzosRysuKC7fKe0iwhnoOKBipn8Xk/csCgcEA3AXgeAYR\r\nTQJk6BZuy4VplWPAKYe/5GFAv2ug8EiV6VoYY53sj1vahFRKRH2MN68viSWkqpJ9\r\n+1OIjWbSTDEGISBf/b2/4W/te+tM6eSMOraHRbSTVyXAsz+VXwsPe7kgZ41tA1Pu\r\nudgbncVVRgxuzf/aeRIhwN2Oq1C6MpfOIT1VEk/a6380uIB1L/9kjzW/fUb6ijVy\r\nh6NMf2c4KpZUIoLxFK7E/DOm11FbcK+HRifel+QahZujAyYNNHL1BrJc\r\n-----END RSA PRIVATE KEY-----\r\n",
      "type": "string"
    },
    "public_ip_addresses": {
      "value": [
        "20.25.108.5",
        "20.25.107.236"
      ],
      "type": [
        "tuple",
        [
          "string",
          "string"
        ]
      ]
    },
    "resource_group_name": {
      "value": "rg-keen-pigeon",
      "type": "string"
    }
  },
  "resources": [
    {
      "mode": "managed",
      "type": "azapi_resource",
      "name": "ssh_public_key",
      "provider": "provider[\"registry.terraform.io/azure/azapi\"]",
      "instances": [
        {
          "schema_version": 0,
          "attributes": {
            "body": "{}",
            "id": "/subscriptions/a63bf40c-60e3-495b-b36b-9d01c7f8c3a1/resourceGroups/rg-keen-pigeon/providers/Microsoft.Compute/sshPublicKeys/sshprobablemammoth",
            "identity": [],
            "ignore_body_changes": null,
            "ignore_casing": false,
            "ignore_missing_property": true,
            "location": "eastus",
            "locks": null,
            "name": "sshprobablemammoth",
            "output": "{}",
            "parent_id": "/subscriptions/a63bf40c-60e3-495b-b36b-9d01c7f8c3a1/resourceGroups/rg-keen-pigeon",
            "removing_special_chars": false,
            "response_export_values": null,
            "schema_validation_enabled": true,
            "tags": {},
            "timeouts": null,
            "type": "Microsoft.Compute/sshPublicKeys@2022-11-01"
          },
          "sensitive_attributes": [],
          "private": "eyJlMmJmYjczMC1lY2FhLTExZTYtOGY4OC0zNDM2M2JjN2M0YzAiOnsiY3JlYXRlIjoxODAwMDAwMDAwMDAwLCJkZWxldGUiOjE4MDAwMDAwMDAwMDAsInJlYWQiOjMwMDAwMDAwMDAwMCwidXBkYXRlIjoxODAwMDAwMDAwMDAwfX0=",
          "dependencies": [
            "azurerm_resource_group.rg",
            "random_pet.rg_name",
            "random_pet.ssh_key_name"
          ]
        }
      ]
    },
    {
      "mode": "managed",
      "type": "azapi_resource_action",
      "name": "ssh_public_key_gen",
      "provider": "provider[\"registry.terraform.io/azure/azapi\"]",
      "instances": [
        {
          "schema_version": 0,
          "attributes": {
            "action": "generateKeyPair",
            "body": null,
            "id": "/subscriptions/a63bf40c-60e3-495b-b36b-9d01c7f8c3a1/resourceGroups/rg-keen-pigeon/providers/Microsoft.Compute/sshPublicKeys/sshprobablemammoth/generateKeyPair",
            "locks": null,
            "method": "POST",
            "output": "{\"privateKey\":\"-----BEGIN RSA PRIVATE KEY-----\\r\\nMIIG5gIBAAKCAYEA1pec8Po/WQyfzI1Bhl9DUEmAPZX0inHVo+TZphIqjeL4FyY4\\r\\nQjpTLkhF6Kr2m1yxF58szDgp3rFeTcfe/IDWkYvGoBXoqw8b+MC2mOiRJr/0HScV\\r\\n6gusMPYOm6GIE7ZJPNL98yAcmBhQQ9XYGR1VVm80HCWYHgKFF1ItQX3Z2LhNFgxK\\r\\nR6QPeiK8b277aSOV0kPByBXRuDKELeP8vSd7IboQB5JRB6Ol6Nzy46TJNUbPTQpM\\r\\niOUXnweNzM1gdPeqUryXD0qxZuJabDSlPlM3WpjJ5+GAmSIuBJyOYLdOg5RwNf/+\\r\\n6WGkfl+uB2BMn7IljtjvT59ieiGIxyMl9HG2fjOmVazs2S8+exlLfkDQAEqJnWnY\\r\\n+Vi4TD5VDoUsjwJIjaqZLfqwlAOJA4tpwJ0E2UHwBW8DfA0uF4eBFsNO9IdsoQRO\\r\\nKWqhud0A+2Jp1BLvG8XRgTYEEJUpvnXslbhXaxtHGeMluT3qiDw9++MvUPLpLWD8\\r\\nJbi/kPiCku0LwXbJAgMBAAECggGBAJsOxGVPvZRfzdvlObKZhS8vXQ2jHCcpaADc\\r\\nLPSV7c/GcBNyF3arZE1uBa3AUx8h1AjIiHssHfz+1rCHOrXjdqeGg0hLbGqmKUUO\\r\\nIyLL8Y45Z2/lPS13r71VHmsQRh5QOg1MPBmAW4j/EIhjrZlAG9iv08x+0bLliTu3\\r\\nsmG/STkSuwiyar3naxOKo/Q1Ek7/WpOrSAuG0JozTlVGhuo66/sL0edWr1xAwHJJ\\r\\nrOwWtxjbCJGXXoQQXYgY0jppMEh0Z3gl9MbDJJQCPJG7ILT4hRbtAWScLigtsdm8\\r\\nPZE2y7lfUuG6LdTEhQ9bu0WmTiVRzt0Kjpm5n5HUHP5jMU+ztszS1igJvit7/00u\\r\\nTmkDC5kj6qyzUcUW4gtXOK52jfBdnlRLS9FBgwljZECh/VKbgULeR/xZapmDUs6h\\r\\n8sQ7QlGZor92zGaBaQwGmdWEnCd29oaWJw9KlDQO+tepOfsNT61qTp11pkSPDMpF\\r\\nBr2/Cz+SE0Spoe46lG/guuSUiY0dLQKBwQDirFOJNdCcc+gLyLFCQ88Kwe8HD/xa\\r\\n3Vys/NN/oqgNrbZTEdvxvXL+zc0IW0/ZfZvqVZHTkL663otfZTVik41Pt+Gw9p5B\\r\\nsJnCRwSEDzgghhSdq/X2jqpU3D3CPV8a2HIvtxlGoJyR1uuFOWxUdfWZaV50dlnO\\r\\nbBQZZXrnAG76HEfyr2mMZuV9f0WiKCk+aN71UQ5L7uGosgTYjC9YrKgcL3wgGNdh\\r\\nrKCUGJPIhQWQLSGn/sn7cka3/KTM/2epcqsCgcEA8lsnNXJKoM0PHiE9d67NZrYh\\r\\ngmUA8OIRDgbIUOa81F7VsGk6RziKKDBTG9445WilFu8LGJNAhfyxBuMxpcL82uXy\\r\\ncCfhSYB0ooS5r1ya9bwJF6WiDOwFA0kjC/8qalUU2CZeh5awObwNzW4VxIvvkB3K\\r\\n/ZYGkGkRHcfjXwEAuROlS0UBblL+prmn4upVBNDiKfzp+NMlgWGBAzECFQHlYsAR\\r\\ntXOuoHRgNrhmP68NgONumXvI3kfc+uJCah8l8RxbAoHBAL79XFWcVm2866QiMdkX\\r\\nsXfq+DAHNCaLpe7MCJjewKLl314XCi+h5Sb02PFVnu4ufBTyjLCqoUprARwb9uNc\\r\\nWBD3at7krWvEFYowtIlhGXWuA+jmX5SjmLlv6Umk1GGWRoAV0uJDqijn4gKa48A2\\r\\ns/3TXpbascjQIA9WBjxljRyIf8boLhLzECKx/kYneLjxPAuPhHBOkyzE8nhThgE9\\r\\nWViGWhvhUnkmLxcZrkuiaZGVtWoLsLyBCT01Tta7zOhliQKBwQDSuxG/tk5PvZ3s\\r\\ni+ifnX36VlmSwPJtgZRkxt79AXSlkIRsLUNAVFhFE6fgLnz4dOI/q8DRMJDFMHBZ\\r\\nVcmAoagtSg5hGTwaJjjEa3Xtli8jhsm9JwdeBwdg0QJJVyjxZmOGgu5lJVC8EtlJ\\r\\ni/Qff7HhdRZhI0c34DPC2mDI5d1UEFIEvc69uCq2m+3wL+OXGW3eJoznD+mnszlz\\r\\npfRygcCL+ggr55eq6yYRzosRysuKC7fKe0iwhnoOKBipn8Xk/csCgcEA3AXgeAYR\\r\\nTQJk6BZuy4VplWPAKYe/5GFAv2ug8EiV6VoYY53sj1vahFRKRH2MN68viSWkqpJ9\\r\\n+1OIjWbSTDEGISBf/b2/4W/te+tM6eSMOraHRbSTVyXAsz+VXwsPe7kgZ41tA1Pu\\r\\nudgbncVVRgxuzf/aeRIhwN2Oq1C6MpfOIT1VEk/a6380uIB1L/9kjzW/fUb6ijVy\\r\\nh6NMf2c4KpZUIoLxFK7E/DOm11FbcK+HRifel+QahZujAyYNNHL1BrJc\\r\\n-----END RSA PRIVATE KEY-----\\r\\n\",\"publicKey\":\"ssh-rsa AAAAB3NzaC1yc2EAAAADAQABAAABgQDWl5zw+j9ZDJ/MjUGGX0NQSYA9lfSKcdWj5NmmEiqN4vgXJjhCOlMuSEXoqvabXLEXnyzMOCnesV5Nx978gNaRi8agFeirDxv4wLaY6JEmv/QdJxXqC6ww9g6boYgTtkk80v3zIByYGFBD1dgZHVVWbzQcJZgeAoUXUi1BfdnYuE0WDEpHpA96IrxvbvtpI5XSQ8HIFdG4MoQt4/y9J3shuhAHklEHo6Xo3PLjpMk1Rs9NCkyI5RefB43MzWB096pSvJcPSrFm4lpsNKU+UzdamMnn4YCZIi4EnI5gt06DlHA1//7pYaR+X64HYEyfsiWO2O9Pn2J6IYjHIyX0cbZ+M6ZVrOzZLz57GUt+QNAASomdadj5WLhMPlUOhSyPAkiNqpkt+rCUA4kDi2nAnQTZQfAFbwN8DS4Xh4EWw070h2yhBE4paqG53QD7YmnUEu8bxdGBNgQQlSm+deyVuFdrG0cZ4yW5PeqIPD374y9Q8uktYPwluL+Q+IKS7QvBdsk= generated-by-azure\"}",
            "resource_id": "/subscriptions/a63bf40c-60e3-495b-b36b-9d01c7f8c3a1/resourceGroups/rg-keen-pigeon/providers/Microsoft.Compute/sshPublicKeys/sshprobablemammoth",
            "response_export_values": [
              "publicKey",
              "privateKey"
            ],
            "timeouts": null,
            "type": "Microsoft.Compute/sshPublicKeys@2022-11-01",
            "when": "apply"
          },
          "sensitive_attributes": [],
          "private": "eyJlMmJmYjczMC1lY2FhLTExZTYtOGY4OC0zNDM2M2JjN2M0YzAiOnsiY3JlYXRlIjoxODAwMDAwMDAwMDAwLCJkZWxldGUiOjE4MDAwMDAwMDAwMDAsInJlYWQiOjMwMDAwMDAwMDAwMCwidXBkYXRlIjoxODAwMDAwMDAwMDAwfX0=",
          "dependencies": [
            "azapi_resource.ssh_public_key",
            "azurerm_resource_group.rg",
            "random_pet.rg_name",
            "random_pet.ssh_key_name"
          ]
        }
      ]
    },
    {
      "mode": "managed",
      "type": "azurerm_linux_virtual_machine",
      "name": "my_terraform_vm",
      "provider": "provider[\"registry.terraform.io/hashicorp/azurerm\"]",
      "instances": [
        {
          "index_key": 0,
          "schema_version": 0,
          "attributes": {
            "additional_capabilities": [],
            "admin_password": null,
            "admin_ssh_key": [
              {
                "public_key": "ssh-rsa AAAAB3NzaC1yc2EAAAADAQABAAABAQCwSwALOS+UxCRGKVnA86AiFNOEqXQYbO3ZwNDpQGxG4cQEqYi8Lbfonxu0hBCD/D2BBluhbZ1ge+MqWNVYEBLGoXquRSYAAYV0Dw4RwRXd7AZvk4BVO0IG401XQaiFoS+3+m2NYoZrQDoDpuplczMwVivxMayqVyNaf6aZdFjUlCn56+A2ghdjGfGFHRdMMVwkeBJ4RJrr6NdEjjp1CsacTU7AtMUNsJ9tzURIw+jFFwA2R6lufN5MDpTA1DIPGxOwl9w0EPG490qyX4+eZ1Dn3dVuOJ2Lm5i6bXwuafB2GrGBdB+RwmMZVVGxozz4e6abdrBu4pjFdD7sgSmF+ZIt",
                "username": "el10"
              }
            ],
            "admin_username": "el10",
            "allow_extension_operations": true,
            "availability_set_id": "",
            "boot_diagnostics": [
              {
                "storage_account_uri": "https://diag646ca388da5be4a2.blob.core.windows.net/"
              }
            ],
            "computer_name": "hostname-0",
            "custom_data": null,
            "dedicated_host_group_id": "",
            "dedicated_host_id": "",
            "disable_password_authentication": true,
            "encryption_at_host_enabled": false,
            "eviction_policy": "",
            "extensions_time_budget": "PT1H30M",
            "id": "/subscriptions/a63bf40c-60e3-495b-b36b-9d01c7f8c3a1/resourceGroups/rg-keen-pigeon/providers/Microsoft.Compute/virtualMachines/myVM-0",
            "identity": [],
            "license_type": "",
            "location": "eastus",
            "max_bid_price": -1,
            "name": "myVM-0",
            "network_interface_ids": [
              "/subscriptions/a63bf40c-60e3-495b-b36b-9d01c7f8c3a1/resourceGroups/rg-keen-pigeon/providers/Microsoft.Network/networkInterfaces/myNIC-0"
            ],
            "os_disk": [
              {
                "caching": "ReadWrite",
                "diff_disk_settings": [],
                "disk_encryption_set_id": "",
                "disk_size_gb": 30,
                "name": "myOsDisk-0",
                "storage_account_type": "Premium_LRS",
                "write_accelerator_enabled": false
              }
            ],
            "patch_mode": "ImageDefault",
            "plan": [],
            "platform_fault_domain": -1,
            "priority": "Regular",
            "private_ip_address": "10.0.1.4",
            "private_ip_addresses": [
              "10.0.1.4"
            ],
            "provision_vm_agent": true,
            "proximity_placement_group_id": "",
            "public_ip_address": "20.25.108.5",
            "public_ip_addresses": [
              "20.25.108.5"
            ],
            "resource_group_name": "rg-keen-pigeon",
            "secret": [],
            "secure_boot_enabled": false,
            "size": "Standard_DS1_v2",
            "source_image_id": "",
            "source_image_reference": [
              {
                "offer": "0001-com-ubuntu-server-jammy",
                "publisher": "Canonical",
                "sku": "22_04-lts-gen2",
                "version": "latest"
              }
            ],
            "tags": null,
            "timeouts": null,
            "user_data": "",
            "virtual_machine_id": "9f65dc91-a2f5-4cfe-9f0e-6cc4e1a10f1e",
            "virtual_machine_scale_set_id": "",
            "vtpm_enabled": false,
            "zone": ""
          },
          "sensitive_attributes": [],
          "private": "eyJlMmJmYjczMC1lY2FhLTExZTYtOGY4OC0zNDM2M2JjN2M0YzAiOnsiY3JlYXRlIjoyNzAwMDAwMDAwMDAwLCJkZWxldGUiOjI3MDAwMDAwMDAwMDAsInJlYWQiOjMwMDAwMDAwMDAwMCwidXBkYXRlIjoyNzAwMDAwMDAwMDAwfX0=",
          "dependencies": [
            "azurerm_network_interface.my_terraform_nic",
            "azurerm_public_ip.my_terraform_public_ip",
            "azurerm_resource_group.rg",
            "azurerm_storage_account.my_storage_account",
            "azurerm_subnet.my_terraform_subnet",
            "azurerm_virtual_network.my_terraform_network",
            "random_id.random_id",
            "random_pet.rg_name"
          ]
        },
        {
          "index_key": 1,
          "schema_version": 0,
          "attributes": {
            "additional_capabilities": [],
            "admin_password": null,
            "admin_ssh_key": [
              {
                "public_key": "ssh-rsa AAAAB3NzaC1yc2EAAAADAQABAAABAQCwSwALOS+UxCRGKVnA86AiFNOEqXQYbO3ZwNDpQGxG4cQEqYi8Lbfonxu0hBCD/D2BBluhbZ1ge+MqWNVYEBLGoXquRSYAAYV0Dw4RwRXd7AZvk4BVO0IG401XQaiFoS+3+m2NYoZrQDoDpuplczMwVivxMayqVyNaf6aZdFjUlCn56+A2ghdjGfGFHRdMMVwkeBJ4RJrr6NdEjjp1CsacTU7AtMUNsJ9tzURIw+jFFwA2R6lufN5MDpTA1DIPGxOwl9w0EPG490qyX4+eZ1Dn3dVuOJ2Lm5i6bXwuafB2GrGBdB+RwmMZVVGxozz4e6abdrBu4pjFdD7sgSmF+ZIt",
                "username": "el10"
              }
            ],
            "admin_username": "el10",
            "allow_extension_operations": true,
            "availability_set_id": "",
            "boot_diagnostics": [
              {
                "storage_account_uri": "https://diag646ca388da5be4a2.blob.core.windows.net/"
              }
            ],
            "computer_name": "hostname-1",
            "custom_data": null,
            "dedicated_host_group_id": "",
            "dedicated_host_id": "",
            "disable_password_authentication": true,
            "encryption_at_host_enabled": false,
            "eviction_policy": "",
            "extensions_time_budget": "PT1H30M",
            "id": "/subscriptions/a63bf40c-60e3-495b-b36b-9d01c7f8c3a1/resourceGroups/rg-keen-pigeon/providers/Microsoft.Compute/virtualMachines/myVM-1",
            "identity": [],
            "license_type": "",
            "location": "eastus",
            "max_bid_price": -1,
            "name": "myVM-1",
            "network_interface_ids": [
              "/subscriptions/a63bf40c-60e3-495b-b36b-9d01c7f8c3a1/resourceGroups/rg-keen-pigeon/providers/Microsoft.Network/networkInterfaces/myNIC-1"
            ],
            "os_disk": [
              {
                "caching": "ReadWrite",
                "diff_disk_settings": [],
                "disk_encryption_set_id": "",
                "disk_size_gb": 30,
                "name": "myOsDisk-1",
                "storage_account_type": "Premium_LRS",
                "write_accelerator_enabled": false
              }
            ],
            "patch_mode": "ImageDefault",
            "plan": [],
            "platform_fault_domain": -1,
            "priority": "Regular",
            "private_ip_address": "10.0.1.5",
            "private_ip_addresses": [
              "10.0.1.5"
            ],
            "provision_vm_agent": true,
            "proximity_placement_group_id": "",
            "public_ip_address": "20.25.107.236",
            "public_ip_addresses": [
              "20.25.107.236"
            ],
            "resource_group_name": "rg-keen-pigeon",
            "secret": [],
            "secure_boot_enabled": false,
            "size": "Standard_DS1_v2",
            "source_image_id": "",
            "source_image_reference": [
              {
                "offer": "0001-com-ubuntu-server-jammy",
                "publisher": "Canonical",
                "sku": "22_04-lts-gen2",
                "version": "latest"
              }
            ],
            "tags": null,
            "timeouts": null,
            "user_data": "",
            "virtual_machine_id": "860eae6a-85f7-4b6f-a253-69f443b1e026",
            "virtual_machine_scale_set_id": "",
            "vtpm_enabled": false,
            "zone": ""
          },
          "sensitive_attributes": [],
          "private": "eyJlMmJmYjczMC1lY2FhLTExZTYtOGY4OC0zNDM2M2JjN2M0YzAiOnsiY3JlYXRlIjoyNzAwMDAwMDAwMDAwLCJkZWxldGUiOjI3MDAwMDAwMDAwMDAsInJlYWQiOjMwMDAwMDAwMDAwMCwidXBkYXRlIjoyNzAwMDAwMDAwMDAwfX0=",
          "dependencies": [
            "azurerm_network_interface.my_terraform_nic",
            "azurerm_public_ip.my_terraform_public_ip",
            "azurerm_resource_group.rg",
            "azurerm_storage_account.my_storage_account",
            "azurerm_subnet.my_terraform_subnet",
            "azurerm_virtual_network.my_terraform_network",
            "random_id.random_id",
            "random_pet.rg_name"
          ]
        }
      ]
    },
    {
      "mode": "managed",
      "type": "azurerm_network_interface",
      "name": "my_terraform_nic",
      "provider": "provider[\"registry.terraform.io/hashicorp/azurerm\"]",
      "instances": [
        {
          "index_key": 0,
          "schema_version": 0,
          "attributes": {
            "applied_dns_servers": [],
            "dns_servers": [],
            "enable_accelerated_networking": false,
            "enable_ip_forwarding": false,
            "id": "/subscriptions/a63bf40c-60e3-495b-b36b-9d01c7f8c3a1/resourceGroups/rg-keen-pigeon/providers/Microsoft.Network/networkInterfaces/myNIC-0",
            "internal_dns_name_label": "",
            "internal_domain_name_suffix": "nq3zqkbgqsuudcuq1yctxa11tc.bx.internal.cloudapp.net",
            "ip_configuration": [
              {
                "gateway_load_balancer_frontend_ip_configuration_id": "",
                "name": "my_nic_configuration-0",
                "primary": true,
                "private_ip_address": "10.0.1.4",
                "private_ip_address_allocation": "Dynamic",
                "private_ip_address_version": "IPv4",
                "public_ip_address_id": "/subscriptions/a63bf40c-60e3-495b-b36b-9d01c7f8c3a1/resourceGroups/rg-keen-pigeon/providers/Microsoft.Network/publicIPAddresses/myPublicIP-0",
                "subnet_id": "/subscriptions/a63bf40c-60e3-495b-b36b-9d01c7f8c3a1/resourceGroups/rg-keen-pigeon/providers/Microsoft.Network/virtualNetworks/myVnet/subnets/mySubnet"
              }
            ],
            "location": "eastus",
            "mac_address": "",
            "name": "myNIC-0",
            "private_ip_address": "10.0.1.4",
            "private_ip_addresses": [
              "10.0.1.4"
            ],
            "resource_group_name": "rg-keen-pigeon",
            "tags": null,
            "timeouts": null,
            "virtual_machine_id": ""
          },
          "sensitive_attributes": [],
          "private": "eyJlMmJmYjczMC1lY2FhLTExZTYtOGY4OC0zNDM2M2JjN2M0YzAiOnsiY3JlYXRlIjoxODAwMDAwMDAwMDAwLCJkZWxldGUiOjE4MDAwMDAwMDAwMDAsInJlYWQiOjMwMDAwMDAwMDAwMCwidXBkYXRlIjoxODAwMDAwMDAwMDAwfX0=",
          "dependencies": [
            "azurerm_public_ip.my_terraform_public_ip",
            "azurerm_resource_group.rg",
            "azurerm_subnet.my_terraform_subnet",
            "azurerm_virtual_network.my_terraform_network",
            "random_pet.rg_name"
          ]
        },
        {
          "index_key": 1,
          "schema_version": 0,
          "attributes": {
            "applied_dns_servers": [],
            "dns_servers": [],
            "enable_accelerated_networking": false,
            "enable_ip_forwarding": false,
            "id": "/subscriptions/a63bf40c-60e3-495b-b36b-9d01c7f8c3a1/resourceGroups/rg-keen-pigeon/providers/Microsoft.Network/networkInterfaces/myNIC-1",
            "internal_dns_name_label": "",
            "internal_domain_name_suffix": "nq3zqkbgqsuudcuq1yctxa11tc.bx.internal.cloudapp.net",
            "ip_configuration": [
              {
                "gateway_load_balancer_frontend_ip_configuration_id": "",
                "name": "my_nic_configuration-1",
                "primary": true,
                "private_ip_address": "10.0.1.5",
                "private_ip_address_allocation": "Dynamic",
                "private_ip_address_version": "IPv4",
                "public_ip_address_id": "/subscriptions/a63bf40c-60e3-495b-b36b-9d01c7f8c3a1/resourceGroups/rg-keen-pigeon/providers/Microsoft.Network/publicIPAddresses/myPublicIP-1",
                "subnet_id": "/subscriptions/a63bf40c-60e3-495b-b36b-9d01c7f8c3a1/resourceGroups/rg-keen-pigeon/providers/Microsoft.Network/virtualNetworks/myVnet/subnets/mySubnet"
              }
            ],
            "location": "eastus",
            "mac_address": "",
            "name": "myNIC-1",
            "private_ip_address": "10.0.1.5",
            "private_ip_addresses": [
              "10.0.1.5"
            ],
            "resource_group_name": "rg-keen-pigeon",
            "tags": null,
            "timeouts": null,
            "virtual_machine_id": ""
          },
          "sensitive_attributes": [],
          "private": "eyJlMmJmYjczMC1lY2FhLTExZTYtOGY4OC0zNDM2M2JjN2M0YzAiOnsiY3JlYXRlIjoxODAwMDAwMDAwMDAwLCJkZWxldGUiOjE4MDAwMDAwMDAwMDAsInJlYWQiOjMwMDAwMDAwMDAwMCwidXBkYXRlIjoxODAwMDAwMDAwMDAwfX0=",
          "dependencies": [
            "azurerm_public_ip.my_terraform_public_ip",
            "azurerm_resource_group.rg",
            "azurerm_subnet.my_terraform_subnet",
            "azurerm_virtual_network.my_terraform_network",
            "random_pet.rg_name"
          ]
        }
      ]
    },
    {
      "mode": "managed",
      "type": "azurerm_network_interface_security_group_association",
      "name": "example",
      "provider": "provider[\"registry.terraform.io/hashicorp/azurerm\"]",
      "instances": [
        {
          "index_key": 0,
          "schema_version": 0,
          "attributes": {
            "id": "/subscriptions/a63bf40c-60e3-495b-b36b-9d01c7f8c3a1/resourceGroups/rg-keen-pigeon/providers/Microsoft.Network/networkInterfaces/myNIC-0|/subscriptions/a63bf40c-60e3-495b-b36b-9d01c7f8c3a1/resourceGroups/rg-keen-pigeon/providers/Microsoft.Network/networkSecurityGroups/myNetworkSecurityGroup",
            "network_interface_id": "/subscriptions/a63bf40c-60e3-495b-b36b-9d01c7f8c3a1/resourceGroups/rg-keen-pigeon/providers/Microsoft.Network/networkInterfaces/myNIC-0",
            "network_security_group_id": "/subscriptions/a63bf40c-60e3-495b-b36b-9d01c7f8c3a1/resourceGroups/rg-keen-pigeon/providers/Microsoft.Network/networkSecurityGroups/myNetworkSecurityGroup",
            "timeouts": null
          },
          "sensitive_attributes": [],
          "private": "eyJlMmJmYjczMC1lY2FhLTExZTYtOGY4OC0zNDM2M2JjN2M0YzAiOnsiY3JlYXRlIjoxODAwMDAwMDAwMDAwLCJkZWxldGUiOjE4MDAwMDAwMDAwMDAsInJlYWQiOjMwMDAwMDAwMDAwMCwidXBkYXRlIjoxODAwMDAwMDAwMDAwfX0=",
          "dependencies": [
            "azurerm_network_interface.my_terraform_nic",
            "azurerm_network_security_group.my_terraform_nsg",
            "azurerm_public_ip.my_terraform_public_ip",
            "azurerm_resource_group.rg",
            "azurerm_subnet.my_terraform_subnet",
            "azurerm_virtual_network.my_terraform_network",
            "random_pet.rg_name"
          ]
        },
        {
          "index_key": 1,
          "schema_version": 0,
          "attributes": {
            "id": "/subscriptions/a63bf40c-60e3-495b-b36b-9d01c7f8c3a1/resourceGroups/rg-keen-pigeon/providers/Microsoft.Network/networkInterfaces/myNIC-1|/subscriptions/a63bf40c-60e3-495b-b36b-9d01c7f8c3a1/resourceGroups/rg-keen-pigeon/providers/Microsoft.Network/networkSecurityGroups/myNetworkSecurityGroup",
            "network_interface_id": "/subscriptions/a63bf40c-60e3-495b-b36b-9d01c7f8c3a1/resourceGroups/rg-keen-pigeon/providers/Microsoft.Network/networkInterfaces/myNIC-1",
            "network_security_group_id": "/subscriptions/a63bf40c-60e3-495b-b36b-9d01c7f8c3a1/resourceGroups/rg-keen-pigeon/providers/Microsoft.Network/networkSecurityGroups/myNetworkSecurityGroup",
            "timeouts": null
          },
          "sensitive_attributes": [],
          "private": "eyJlMmJmYjczMC1lY2FhLTExZTYtOGY4OC0zNDM2M2JjN2M0YzAiOnsiY3JlYXRlIjoxODAwMDAwMDAwMDAwLCJkZWxldGUiOjE4MDAwMDAwMDAwMDAsInJlYWQiOjMwMDAwMDAwMDAwMCwidXBkYXRlIjoxODAwMDAwMDAwMDAwfX0=",
          "dependencies": [
            "azurerm_network_interface.my_terraform_nic",
            "azurerm_network_security_group.my_terraform_nsg",
            "azurerm_public_ip.my_terraform_public_ip",
            "azurerm_resource_group.rg",
            "azurerm_subnet.my_terraform_subnet",
            "azurerm_virtual_network.my_terraform_network",
            "random_pet.rg_name"
          ]
        }
      ]
    },
    {
      "mode": "managed",
      "type": "azurerm_network_security_group",
      "name": "my_terraform_nsg",
      "provider": "provider[\"registry.terraform.io/hashicorp/azurerm\"]",
      "instances": [
        {
          "schema_version": 0,
          "attributes": {
            "id": "/subscriptions/a63bf40c-60e3-495b-b36b-9d01c7f8c3a1/resourceGroups/rg-keen-pigeon/providers/Microsoft.Network/networkSecurityGroups/myNetworkSecurityGroup",
            "location": "eastus",
            "name": "myNetworkSecurityGroup",
            "resource_group_name": "rg-keen-pigeon",
            "security_rule": [
              {
                "access": "Allow",
                "description": "",
                "destination_address_prefix": "*",
                "destination_address_prefixes": [],
                "destination_application_security_group_ids": [],
                "destination_port_range": "22",
                "destination_port_ranges": [],
                "direction": "Inbound",
                "name": "SSH",
                "priority": 1001,
                "protocol": "Tcp",
                "source_address_prefix": "*",
                "source_address_prefixes": [],
                "source_application_security_group_ids": [],
                "source_port_range": "*",
                "source_port_ranges": []
              }
            ],
            "tags": {},
            "timeouts": null
          },
          "sensitive_attributes": [],
          "private": "eyJlMmJmYjczMC1lY2FhLTExZTYtOGY4OC0zNDM2M2JjN2M0YzAiOnsiY3JlYXRlIjoxODAwMDAwMDAwMDAwLCJkZWxldGUiOjE4MDAwMDAwMDAwMDAsInJlYWQiOjMwMDAwMDAwMDAwMCwidXBkYXRlIjoxODAwMDAwMDAwMDAwfX0=",
          "dependencies": [
            "azurerm_resource_group.rg",
            "random_pet.rg_name"
          ]
        }
      ]
    },
    {
      "mode": "managed",
      "type": "azurerm_public_ip",
      "name": "my_terraform_public_ip",
      "provider": "provider[\"registry.terraform.io/hashicorp/azurerm\"]",
      "instances": [
        {
          "index_key": 0,
          "schema_version": 0,
          "attributes": {
            "allocation_method": "Dynamic",
            "availability_zone": "No-Zone",
            "domain_name_label": null,
            "fqdn": null,
            "id": "/subscriptions/a63bf40c-60e3-495b-b36b-9d01c7f8c3a1/resourceGroups/rg-keen-pigeon/providers/Microsoft.Network/publicIPAddresses/myPublicIP-0",
            "idle_timeout_in_minutes": 4,
            "ip_address": "",
            "ip_tags": null,
            "ip_version": "IPv4",
            "location": "eastus",
            "name": "myPublicIP-0",
            "public_ip_prefix_id": null,
            "resource_group_name": "rg-keen-pigeon",
            "reverse_fqdn": null,
            "sku": "Basic",
            "sku_tier": "Regional",
            "tags": null,
            "timeouts": null,
            "zones": []
          },
          "sensitive_attributes": [],
          "private": "eyJlMmJmYjczMC1lY2FhLTExZTYtOGY4OC0zNDM2M2JjN2M0YzAiOnsiY3JlYXRlIjoxODAwMDAwMDAwMDAwLCJkZWxldGUiOjE4MDAwMDAwMDAwMDAsInJlYWQiOjMwMDAwMDAwMDAwMCwidXBkYXRlIjoxODAwMDAwMDAwMDAwfX0=",
          "dependencies": [
            "azurerm_resource_group.rg",
            "random_pet.rg_name"
          ]
        },
        {
          "index_key": 1,
          "schema_version": 0,
          "attributes": {
            "allocation_method": "Dynamic",
            "availability_zone": "No-Zone",
            "domain_name_label": null,
            "fqdn": null,
            "id": "/subscriptions/a63bf40c-60e3-495b-b36b-9d01c7f8c3a1/resourceGroups/rg-keen-pigeon/providers/Microsoft.Network/publicIPAddresses/myPublicIP-1",
            "idle_timeout_in_minutes": 4,
            "ip_address": "",
            "ip_tags": null,
            "ip_version": "IPv4",
            "location": "eastus",
            "name": "myPublicIP-1",
            "public_ip_prefix_id": null,
            "resource_group_name": "rg-keen-pigeon",
            "reverse_fqdn": null,
            "sku": "Basic",
            "sku_tier": "Regional",
            "tags": null,
            "timeouts": null,
            "zones": []
          },
          "sensitive_attributes": [],
          "private": "eyJlMmJmYjczMC1lY2FhLTExZTYtOGY4OC0zNDM2M2JjN2M0YzAiOnsiY3JlYXRlIjoxODAwMDAwMDAwMDAwLCJkZWxldGUiOjE4MDAwMDAwMDAwMDAsInJlYWQiOjMwMDAwMDAwMDAwMCwidXBkYXRlIjoxODAwMDAwMDAwMDAwfX0=",
          "dependencies": [
            "azurerm_resource_group.rg",
            "random_pet.rg_name"
          ]
        }
      ]
    },
    {
      "mode": "managed",
      "type": "azurerm_resource_group",
      "name": "rg",
      "provider": "provider[\"registry.terraform.io/hashicorp/azurerm\"]",
      "instances": [
        {
          "schema_version": 0,
          "attributes": {
            "id": "/subscriptions/a63bf40c-60e3-495b-b36b-9d01c7f8c3a1/resourceGroups/rg-keen-pigeon",
            "location": "eastus",
            "name": "rg-keen-pigeon",
            "tags": {},
            "timeouts": null
          },
          "sensitive_attributes": [],
          "private": "eyJlMmJmYjczMC1lY2FhLTExZTYtOGY4OC0zNDM2M2JjN2M0YzAiOnsiY3JlYXRlIjo1NDAwMDAwMDAwMDAwLCJkZWxldGUiOjU0MDAwMDAwMDAwMDAsInJlYWQiOjMwMDAwMDAwMDAwMCwidXBkYXRlIjo1NDAwMDAwMDAwMDAwfX0=",
          "dependencies": [
            "random_pet.rg_name"
          ]
        }
      ]
    },
    {
      "mode": "managed",
      "type": "azurerm_storage_account",
      "name": "my_storage_account",
      "provider": "provider[\"registry.terraform.io/hashicorp/azurerm\"]",
      "instances": [
        {
          "schema_version": 2,
          "attributes": {
            "access_tier": "Hot",
            "account_kind": "StorageV2",
            "account_replication_type": "LRS",
            "account_tier": "Standard",
            "allow_blob_public_access": false,
            "azure_files_authentication": [],
            "blob_properties": [
              {
                "change_feed_enabled": false,
                "container_delete_retention_policy": [],
                "cors_rule": [],
                "default_service_version": "",
                "delete_retention_policy": [],
                "last_access_time_enabled": false,
                "versioning_enabled": false
              }
            ],
            "custom_domain": [],
            "customer_managed_key": [],
            "enable_https_traffic_only": true,
            "id": "/subscriptions/a63bf40c-60e3-495b-b36b-9d01c7f8c3a1/resourceGroups/rg-keen-pigeon/providers/Microsoft.Storage/storageAccounts/diag646ca388da5be4a2",
            "identity": [],
            "infrastructure_encryption_enabled": false,
            "is_hns_enabled": false,
            "large_file_share_enabled": null,
            "location": "eastus",
            "min_tls_version": "TLS1_0",
            "name": "diag646ca388da5be4a2",
            "network_rules": [
              {
                "bypass": [
                  "AzureServices"
                ],
                "default_action": "Allow",
                "ip_rules": [],
                "private_link_access": [],
                "virtual_network_subnet_ids": []
              }
            ],
            "nfsv3_enabled": false,
            "primary_access_key": "K+m4uk9bNe0a1bhJmG/dhBWhP5GyS0VW2Vim5ZarWNWViqrdc2pfsi5nau0HOhvxtlK0SOio4cf5+AStaGLjyw==",
            "primary_blob_connection_string": "DefaultEndpointsProtocol=https;BlobEndpoint=https://diag646ca388da5be4a2.blob.core.windows.net/;AccountName=diag646ca388da5be4a2;AccountKey=K+m4uk9bNe0a1bhJmG/dhBWhP5GyS0VW2Vim5ZarWNWViqrdc2pfsi5nau0HOhvxtlK0SOio4cf5+AStaGLjyw==",
            "primary_blob_endpoint": "https://diag646ca388da5be4a2.blob.core.windows.net/",
            "primary_blob_host": "diag646ca388da5be4a2.blob.core.windows.net",
            "primary_connection_string": "DefaultEndpointsProtocol=https;AccountName=diag646ca388da5be4a2;AccountKey=K+m4uk9bNe0a1bhJmG/dhBWhP5GyS0VW2Vim5ZarWNWViqrdc2pfsi5nau0HOhvxtlK0SOio4cf5+AStaGLjyw==;EndpointSuffix=core.windows.net",
            "primary_dfs_endpoint": "https://diag646ca388da5be4a2.dfs.core.windows.net/",
            "primary_dfs_host": "diag646ca388da5be4a2.dfs.core.windows.net",
            "primary_file_endpoint": "https://diag646ca388da5be4a2.file.core.windows.net/",
            "primary_file_host": "diag646ca388da5be4a2.file.core.windows.net",
            "primary_location": "eastus",
            "primary_queue_endpoint": "https://diag646ca388da5be4a2.queue.core.windows.net/",
            "primary_queue_host": "diag646ca388da5be4a2.queue.core.windows.net",
            "primary_table_endpoint": "https://diag646ca388da5be4a2.table.core.windows.net/",
            "primary_table_host": "diag646ca388da5be4a2.table.core.windows.net",
            "primary_web_endpoint": "https://diag646ca388da5be4a2.z13.web.core.windows.net/",
            "primary_web_host": "diag646ca388da5be4a2.z13.web.core.windows.net",
            "queue_encryption_key_type": "Service",
            "queue_properties": [
              {
                "cors_rule": [],
                "hour_metrics": [
                  {
                    "enabled": true,
                    "include_apis": true,
                    "retention_policy_days": 7,
                    "version": "1.0"
                  }
                ],
                "logging": [
                  {
                    "delete": false,
                    "read": false,
                    "retention_policy_days": 0,
                    "version": "1.0",
                    "write": false
                  }
                ],
                "minute_metrics": [
                  {
                    "enabled": false,
                    "include_apis": false,
                    "retention_policy_days": 0,
                    "version": "1.0"
                  }
                ]
              }
            ],
            "resource_group_name": "rg-keen-pigeon",
            "routing": [],
            "secondary_access_key": "/ltmhOZTdhf/hbwju/9BHPTzOj77rvy1TWSQmchPicZqxSy788E4fQmM38h12G1VeGHTV1TlDRrf+AStvCk2dg==",
            "secondary_blob_connection_string": "",
            "secondary_blob_endpoint": null,
            "secondary_blob_host": null,
            "secondary_connection_string": "DefaultEndpointsProtocol=https;AccountName=diag646ca388da5be4a2;AccountKey=/ltmhOZTdhf/hbwju/9BHPTzOj77rvy1TWSQmchPicZqxSy788E4fQmM38h12G1VeGHTV1TlDRrf+AStvCk2dg==;EndpointSuffix=core.windows.net",
            "secondary_dfs_endpoint": null,
            "secondary_dfs_host": null,
            "secondary_file_endpoint": null,
            "secondary_file_host": null,
            "secondary_location": "",
            "secondary_queue_endpoint": null,
            "secondary_queue_host": null,
            "secondary_table_endpoint": null,
            "secondary_table_host": null,
            "secondary_web_endpoint": null,
            "secondary_web_host": null,
            "share_properties": [
              {
                "cors_rule": [],
                "retention_policy": [
                  {
                    "days": 7
                  }
                ],
                "smb": []
              }
            ],
            "shared_access_key_enabled": true,
            "static_website": [],
            "table_encryption_key_type": "Service",
            "tags": null,
            "timeouts": null
          },
          "sensitive_attributes": [],
          "private": "eyJlMmJmYjczMC1lY2FhLTExZTYtOGY4OC0zNDM2M2JjN2M0YzAiOnsiY3JlYXRlIjozNjAwMDAwMDAwMDAwLCJkZWxldGUiOjM2MDAwMDAwMDAwMDAsInJlYWQiOjMwMDAwMDAwMDAwMCwidXBkYXRlIjozNjAwMDAwMDAwMDAwfSwic2NoZW1hX3ZlcnNpb24iOiIyIn0=",
          "dependencies": [
            "azurerm_resource_group.rg",
            "random_id.random_id",
            "random_pet.rg_name"
          ]
        }
      ]
    },
    {
      "mode": "managed",
      "type": "azurerm_subnet",
      "name": "my_terraform_subnet",
      "provider": "provider[\"registry.terraform.io/hashicorp/azurerm\"]",
      "instances": [
        {
          "schema_version": 0,
          "attributes": {
            "address_prefix": "10.0.1.0/24",
            "address_prefixes": [
              "10.0.1.0/24"
            ],
            "delegation": [],
            "enforce_private_link_endpoint_network_policies": false,
            "enforce_private_link_service_network_policies": false,
            "id": "/subscriptions/a63bf40c-60e3-495b-b36b-9d01c7f8c3a1/resourceGroups/rg-keen-pigeon/providers/Microsoft.Network/virtualNetworks/myVnet/subnets/mySubnet",
            "name": "mySubnet",
            "resource_group_name": "rg-keen-pigeon",
            "service_endpoint_policy_ids": null,
            "service_endpoints": null,
            "timeouts": null,
            "virtual_network_name": "myVnet"
          },
          "sensitive_attributes": [],
          "private": "eyJlMmJmYjczMC1lY2FhLTExZTYtOGY4OC0zNDM2M2JjN2M0YzAiOnsiY3JlYXRlIjoxODAwMDAwMDAwMDAwLCJkZWxldGUiOjE4MDAwMDAwMDAwMDAsInJlYWQiOjMwMDAwMDAwMDAwMCwidXBkYXRlIjoxODAwMDAwMDAwMDAwfX0=",
          "dependencies": [
            "azurerm_resource_group.rg",
            "azurerm_virtual_network.my_terraform_network",
            "random_pet.rg_name"
          ]
        }
      ]
    },
    {
      "mode": "managed",
      "type": "azurerm_virtual_network",
      "name": "my_terraform_network",
      "provider": "provider[\"registry.terraform.io/hashicorp/azurerm\"]",
      "instances": [
        {
          "schema_version": 0,
          "attributes": {
            "address_space": [
              "10.0.0.0/16"
            ],
            "bgp_community": "",
            "ddos_protection_plan": [],
            "dns_servers": [],
            "flow_timeout_in_minutes": 0,
            "guid": "28983b6c-8426-41a9-8a90-de053b837b9a",
            "id": "/subscriptions/a63bf40c-60e3-495b-b36b-9d01c7f8c3a1/resourceGroups/rg-keen-pigeon/providers/Microsoft.Network/virtualNetworks/myVnet",
            "location": "eastus",
            "name": "myVnet",
            "resource_group_name": "rg-keen-pigeon",
            "subnet": [],
            "tags": null,
            "timeouts": null,
            "vm_protection_enabled": false
          },
          "sensitive_attributes": [],
          "private": "eyJlMmJmYjczMC1lY2FhLTExZTYtOGY4OC0zNDM2M2JjN2M0YzAiOnsiY3JlYXRlIjoxODAwMDAwMDAwMDAwLCJkZWxldGUiOjE4MDAwMDAwMDAwMDAsInJlYWQiOjMwMDAwMDAwMDAwMCwidXBkYXRlIjoxODAwMDAwMDAwMDAwfX0=",
          "dependencies": [
            "azurerm_resource_group.rg",
            "random_pet.rg_name"
          ]
        }
      ]
    },
    {
      "mode": "managed",
      "type": "random_id",
      "name": "random_id",
      "provider": "provider[\"registry.terraform.io/hashicorp/random\"]",
      "instances": [
        {
          "schema_version": 0,
          "attributes": {
            "b64_std": "ZGyjiNpb5KI=",
            "b64_url": "ZGyjiNpb5KI",
            "byte_length": 8,
            "dec": "7236338509451879586",
            "hex": "646ca388da5be4a2",
            "id": "ZGyjiNpb5KI",
            "keepers": {
              "resource_group": "rg-keen-pigeon"
            },
            "prefix": null
          },
          "sensitive_attributes": [],
          "dependencies": [
            "azurerm_resource_group.rg",
            "random_pet.rg_name"
          ]
        }
      ]
    },
    {
      "mode": "managed",
      "type": "random_pet",
      "name": "rg_name",
      "provider": "provider[\"registry.terraform.io/hashicorp/random\"]",
      "instances": [
        {
          "schema_version": 0,
          "attributes": {
            "id": "rg-keen-pigeon",
            "keepers": null,
            "length": 2,
            "prefix": "rg",
            "separator": "-"
          },
          "sensitive_attributes": []
        }
      ]
    },
    {
      "mode": "managed",
      "type": "random_pet",
      "name": "ssh_key_name",
      "provider": "provider[\"registry.terraform.io/hashicorp/random\"]",
      "instances": [
        {
          "schema_version": 0,
          "attributes": {
            "id": "sshprobablemammoth",
            "keepers": null,
            "length": 2,
            "prefix": "ssh",
            "separator": ""
          },
          "sensitive_attributes": []
        }
      ]
    }
  ],
  "check_results": null
}
